
Microsoft Visual Studio Solution File, Format Version 12.00
# Visual Studio Version 17
VisualStudioVersion = 17.0.31903.59
MinimumVisualStudioVersion = 10.0.40219.1
Project("{2150E333-8FDC-42A3-9474-1A3956D46DE8}") = "AbstractionBlocks", "AbstractionBlocks", "{0EC206C4-CB07-E31A-7FA4-C8E118705456}"
EndProject
Project("{FAE04EC0-301F-11D3-BF4B-00C04F79EFBC}") = "Common", "AbstractionBlocks\Common\Common.csproj", "{344743B4-9FE2-42E9-B4DC-1F28BF4E6D6A}"
EndProject
Project("{FAE04EC0-301F-11D3-BF4B-00C04F79EFBC}") = "Common.Authentication", "AbstractionBlocks\Common.Authentication\Common.Authentication.csproj", "{1E17388B-C214-4B49-870A-1CCF7D9DA64E}"
EndProject
Project("{FAE04EC0-301F-11D3-BF4B-00C04F79EFBC}") = "Common.Domain", "AbstractionBlocks\Common.Domain\Common.Domain.csproj", "{0AF480D5-13E0-42E6-8AC6-9757845FCB46}"
EndProject
Project("{FAE04EC0-301F-11D3-BF4B-00C04F79EFBC}") = "Common.Exception", "AbstractionBlocks\Common.Exception\Common.Exception.csproj", "{92F07D07-6E33-444C-BDF3-C66263419FB8}"
EndProject
Project("{FAE04EC0-301F-11D3-BF4B-00C04F79EFBC}") = "Common.Infrastructure", "AbstractionBlocks\Common.Infrastructure\Common.Infrastructure.csproj", "{2182F961-A2C8-4030-96C9-F189768424FB}"
EndProject
Project("{FAE04EC0-301F-11D3-BF4B-00C04F79EFBC}") = "Common.Messaging", "AbstractionBlocks\Common.Messaging\Common.Messaging.csproj", "{600B7CAF-51B5-4D8E-9511-86C5A188EE1E}"
EndProject
Project("{FAE04EC0-301F-11D3-BF4B-00C04F79EFBC}") = "Common.SecretBase", "AbstractionBlocks\Common.SecretBase\Common.SecretBase.csproj", "{665D9B71-5A5D-432F-B02C-3DA00A0F0CAB}"
EndProject
Project("{FAE04EC0-301F-11D3-BF4B-00C04F79EFBC}") = "Common.Application", "AbstractionBlocks\Common.Application\Common.Application.csproj", "{4B8A9FEC-10A8-485C-B46E-F6AD4D4EDE6F}"
EndProject
Project("{2150E333-8FDC-42A3-9474-1A3956D46DE8}") = "src", "src", "{827E0CD3-B72D-47B6-A68D-7590B98EB39B}"
EndProject
Project("{2150E333-8FDC-42A3-9474-1A3956D46DE8}") = "IdentityService", "IdentityService", "{F8B90FFE-BB37-8A69-F901-2B9289615797}"
EndProject
Project("{FAE04EC0-301F-11D3-BF4B-00C04F79EFBC}") = "Identity.Api", "src\IdentityService\Identity.Api\Identity.Api.csproj", "{29AE95A5-C733-4E3D-9ABF-EEBE03FDA5DA}"
EndProject
Project("{FAE04EC0-301F-11D3-BF4B-00C04F79EFBC}") = "Identity.Application", "src\IdentityService\Identity.Application\Identity.Application.csproj", "{F2516715-11A5-4847-AFA2-D27660E99EDF}"
EndProject
Project("{FAE04EC0-301F-11D3-BF4B-00C04F79EFBC}") = "Identity.Domain", "src\IdentityService\Identity.Domain\Identity.Domain.csproj", "{BC7D1D89-33CA-4AB0-8103-1AD7B65E634D}"
EndProject
Project("{FAE04EC0-301F-11D3-BF4B-00C04F79EFBC}") = "Identity.Infrastructure", "src\IdentityService\Identity.Infrastructure\Identity.Infrastructure.csproj", "{AF9BB86C-14EB-42BF-892E-A47449694A5E}"
EndProject
Project("{FAE04EC0-301F-11D3-BF4B-00C04F79EFBC}") = "Common.Validation", "AbstractionBlocks\Common.Validation\Common.Validation.csproj", "{F9BBB9A6-6B88-4B74-BAE6-1C0526075394}"
EndProject
Project("{2150E333-8FDC-42A3-9474-1A3956D46DE8}") = "UserProfileService", "UserProfileService", "{B78470C6-E0CB-EB68-60F2-71D680387C2A}"
EndProject
Project("{2150E333-8FDC-42A3-9474-1A3956D46DE8}") = "CategoryService", "CategoryService", "{CCC92331-DC81-4E30-60C5-8351BC88AD3F}"
EndProject
Project("{FAE04EC0-301F-11D3-BF4B-00C04F79EFBC}") = "UserProfile.Domain", "src\UserProfileService\UserProfile.Domain\UserProfile.Domain.csproj", "{0CD49A75-1FD0-4959-9C3D-D9A404539B7D}"
EndProject
Project("{FAE04EC0-301F-11D3-BF4B-00C04F79EFBC}") = "UserProfile.Application", "src\UserProfileService\UserProfile.Application\UserProfile.Application.csproj", "{A7551470-9B86-4A0A-8DEA-B6A80CEA4C43}"
EndProject
Project("{FAE04EC0-301F-11D3-BF4B-00C04F79EFBC}") = "UserProfile.Infrastructure", "src\UserProfileService\UserProfile.Infrastructure\UserProfile.Infrastructure.csproj", "{CA55DD9C-B20B-47F9-B9D2-26B5CB285E25}"
EndProject
Project("{FAE04EC0-301F-11D3-BF4B-00C04F79EFBC}") = "UserProfile.Api", "src\UserProfileService\UserProfile.Api\UserProfile.Api.csproj", "{EBC21FB0-1139-4210-9C30-65B66D80AF58}"
EndProject
Project("{FAE04EC0-301F-11D3-BF4B-00C04F79EFBC}") = "Category.Domain", "src\CategoryService\Category.Domain\Category.Domain.csproj", "{F9C0B88A-5166-6FBC-D4A4-F68A1E53134B}"
EndProject
Project("{FAE04EC0-301F-11D3-BF4B-00C04F79EFBC}") = "Category.Application", "src\CategoryService\Category.Application\Category.Application.csproj", "{9BF264DF-1319-6684-FEC6-243FAD41BFF4}"
EndProject
Project("{FAE04EC0-301F-11D3-BF4B-00C04F79EFBC}") = "Category.Infrastructure", "src\CategoryService\Category.Infrastructure\Category.Infrastructure.csproj", "{574014CB-1512-5318-D064-F0D32EE31FD4}"
EndProject
Project("{FAE04EC0-301F-11D3-BF4B-00C04F79EFBC}") = "Category.Api", "src\CategoryService\Category.Api\Category.Api.csproj", "{7747664D-790C-07B1-6702-9F786ED07033}"
EndProject
Project("{FAE04EC0-301F-11D3-BF4B-00C04F79EFBC}") = "ApiGateway", "src\ApiGateway\ApiGateway.csproj", "{7F0CA331-120B-49E0-9402-339F6D2C9539}"
EndProject
Global
	GlobalSection(SolutionConfigurationPlatforms) = preSolution
		Debug|Any CPU = Debug|Any CPU
		Debug|x64 = Debug|x64
		Debug|x86 = Debug|x86
		Release|Any CPU = Release|Any CPU
		Release|x64 = Release|x64
		Release|x86 = Release|x86
	EndGlobalSection
	GlobalSection(ProjectConfigurationPlatforms) = postSolution
		{344743B4-9FE2-42E9-B4DC-1F28BF4E6D6A}.Debug|Any CPU.ActiveCfg = Debug|Any CPU
		{344743B4-9FE2-42E9-B4DC-1F28BF4E6D6A}.Debug|Any CPU.Build.0 = Debug|Any CPU
		{344743B4-9FE2-42E9-B4DC-1F28BF4E6D6A}.Debug|x64.ActiveCfg = Debug|Any CPU
		{344743B4-9FE2-42E9-B4DC-1F28BF4E6D6A}.Debug|x64.Build.0 = Debug|Any CPU
		{344743B4-9FE2-42E9-B4DC-1F28BF4E6D6A}.Debug|x86.ActiveCfg = Debug|Any CPU
		{344743B4-9FE2-42E9-B4DC-1F28BF4E6D6A}.Debug|x86.Build.0 = Debug|Any CPU
		{344743B4-9FE2-42E9-B4DC-1F28BF4E6D6A}.Release|Any CPU.ActiveCfg = Release|Any CPU
		{344743B4-9FE2-42E9-B4DC-1F28BF4E6D6A}.Release|Any CPU.Build.0 = Release|Any CPU
		{344743B4-9FE2-42E9-B4DC-1F28BF4E6D6A}.Release|x64.ActiveCfg = Release|Any CPU
		{344743B4-9FE2-42E9-B4DC-1F28BF4E6D6A}.Release|x64.Build.0 = Release|Any CPU
		{344743B4-9FE2-42E9-B4DC-1F28BF4E6D6A}.Release|x86.ActiveCfg = Release|Any CPU
		{344743B4-9FE2-42E9-B4DC-1F28BF4E6D6A}.Release|x86.Build.0 = Release|Any CPU
		{1E17388B-C214-4B49-870A-1CCF7D9DA64E}.Debug|Any CPU.ActiveCfg = Debug|Any CPU
		{1E17388B-C214-4B49-870A-1CCF7D9DA64E}.Debug|Any CPU.Build.0 = Debug|Any CPU
		{1E17388B-C214-4B49-870A-1CCF7D9DA64E}.Debug|x64.ActiveCfg = Debug|Any CPU
		{1E17388B-C214-4B49-870A-1CCF7D9DA64E}.Debug|x64.Build.0 = Debug|Any CPU
		{1E17388B-C214-4B49-870A-1CCF7D9DA64E}.Debug|x86.ActiveCfg = Debug|Any CPU
		{1E17388B-C214-4B49-870A-1CCF7D9DA64E}.Debug|x86.Build.0 = Debug|Any CPU
		{1E17388B-C214-4B49-870A-1CCF7D9DA64E}.Release|Any CPU.ActiveCfg = Release|Any CPU
		{1E17388B-C214-4B49-870A-1CCF7D9DA64E}.Release|Any CPU.Build.0 = Release|Any CPU
		{1E17388B-C214-4B49-870A-1CCF7D9DA64E}.Release|x64.ActiveCfg = Release|Any CPU
		{1E17388B-C214-4B49-870A-1CCF7D9DA64E}.Release|x64.Build.0 = Release|Any CPU
		{1E17388B-C214-4B49-870A-1CCF7D9DA64E}.Release|x86.ActiveCfg = Release|Any CPU
		{1E17388B-C214-4B49-870A-1CCF7D9DA64E}.Release|x86.Build.0 = Release|Any CPU
		{0AF480D5-13E0-42E6-8AC6-9757845FCB46}.Debug|Any CPU.ActiveCfg = Debug|Any CPU
		{0AF480D5-13E0-42E6-8AC6-9757845FCB46}.Debug|Any CPU.Build.0 = Debug|Any CPU
		{0AF480D5-13E0-42E6-8AC6-9757845FCB46}.Debug|x64.ActiveCfg = Debug|Any CPU
		{0AF480D5-13E0-42E6-8AC6-9757845FCB46}.Debug|x64.Build.0 = Debug|Any CPU
		{0AF480D5-13E0-42E6-8AC6-9757845FCB46}.Debug|x86.ActiveCfg = Debug|Any CPU
		{0AF480D5-13E0-42E6-8AC6-9757845FCB46}.Debug|x86.Build.0 = Debug|Any CPU
		{0AF480D5-13E0-42E6-8AC6-9757845FCB46}.Release|Any CPU.ActiveCfg = Release|Any CPU
		{0AF480D5-13E0-42E6-8AC6-9757845FCB46}.Release|Any CPU.Build.0 = Release|Any CPU
		{0AF480D5-13E0-42E6-8AC6-9757845FCB46}.Release|x64.ActiveCfg = Release|Any CPU
		{0AF480D5-13E0-42E6-8AC6-9757845FCB46}.Release|x64.Build.0 = Release|Any CPU
		{0AF480D5-13E0-42E6-8AC6-9757845FCB46}.Release|x86.ActiveCfg = Release|Any CPU
		{0AF480D5-13E0-42E6-8AC6-9757845FCB46}.Release|x86.Build.0 = Release|Any CPU
		{92F07D07-6E33-444C-BDF3-C66263419FB8}.Debug|Any CPU.ActiveCfg = Debug|Any CPU
		{92F07D07-6E33-444C-BDF3-C66263419FB8}.Debug|Any CPU.Build.0 = Debug|Any CPU
		{92F07D07-6E33-444C-BDF3-C66263419FB8}.Debug|x64.ActiveCfg = Debug|Any CPU
		{92F07D07-6E33-444C-BDF3-C66263419FB8}.Debug|x64.Build.0 = Debug|Any CPU
		{92F07D07-6E33-444C-BDF3-C66263419FB8}.Debug|x86.ActiveCfg = Debug|Any CPU
		{92F07D07-6E33-444C-BDF3-C66263419FB8}.Debug|x86.Build.0 = Debug|Any CPU
		{92F07D07-6E33-444C-BDF3-C66263419FB8}.Release|Any CPU.ActiveCfg = Release|Any CPU
		{92F07D07-6E33-444C-BDF3-C66263419FB8}.Release|Any CPU.Build.0 = Release|Any CPU
		{92F07D07-6E33-444C-BDF3-C66263419FB8}.Release|x64.ActiveCfg = Release|Any CPU
		{92F07D07-6E33-444C-BDF3-C66263419FB8}.Release|x64.Build.0 = Release|Any CPU
		{92F07D07-6E33-444C-BDF3-C66263419FB8}.Release|x86.ActiveCfg = Release|Any CPU
		{92F07D07-6E33-444C-BDF3-C66263419FB8}.Release|x86.Build.0 = Release|Any CPU
		{2182F961-A2C8-4030-96C9-F189768424FB}.Debug|Any CPU.ActiveCfg = Debug|Any CPU
		{2182F961-A2C8-4030-96C9-F189768424FB}.Debug|Any CPU.Build.0 = Debug|Any CPU
		{2182F961-A2C8-4030-96C9-F189768424FB}.Debug|x64.ActiveCfg = Debug|Any CPU
		{2182F961-A2C8-4030-96C9-F189768424FB}.Debug|x64.Build.0 = Debug|Any CPU
		{2182F961-A2C8-4030-96C9-F189768424FB}.Debug|x86.ActiveCfg = Debug|Any CPU
		{2182F961-A2C8-4030-96C9-F189768424FB}.Debug|x86.Build.0 = Debug|Any CPU
		{2182F961-A2C8-4030-96C9-F189768424FB}.Release|Any CPU.ActiveCfg = Release|Any CPU
		{2182F961-A2C8-4030-96C9-F189768424FB}.Release|Any CPU.Build.0 = Release|Any CPU
		{2182F961-A2C8-4030-96C9-F189768424FB}.Release|x64.ActiveCfg = Release|Any CPU
		{2182F961-A2C8-4030-96C9-F189768424FB}.Release|x64.Build.0 = Release|Any CPU
		{2182F961-A2C8-4030-96C9-F189768424FB}.Release|x86.ActiveCfg = Release|Any CPU
		{2182F961-A2C8-4030-96C9-F189768424FB}.Release|x86.Build.0 = Release|Any CPU
		{600B7CAF-51B5-4D8E-9511-86C5A188EE1E}.Debug|Any CPU.ActiveCfg = Debug|Any CPU
		{600B7CAF-51B5-4D8E-9511-86C5A188EE1E}.Debug|Any CPU.Build.0 = Debug|Any CPU
		{600B7CAF-51B5-4D8E-9511-86C5A188EE1E}.Debug|x64.ActiveCfg = Debug|Any CPU
		{600B7CAF-51B5-4D8E-9511-86C5A188EE1E}.Debug|x64.Build.0 = Debug|Any CPU
		{600B7CAF-51B5-4D8E-9511-86C5A188EE1E}.Debug|x86.ActiveCfg = Debug|Any CPU
		{600B7CAF-51B5-4D8E-9511-86C5A188EE1E}.Debug|x86.Build.0 = Debug|Any CPU
		{600B7CAF-51B5-4D8E-9511-86C5A188EE1E}.Release|Any CPU.ActiveCfg = Release|Any CPU
		{600B7CAF-51B5-4D8E-9511-86C5A188EE1E}.Release|Any CPU.Build.0 = Release|Any CPU
		{600B7CAF-51B5-4D8E-9511-86C5A188EE1E}.Release|x64.ActiveCfg = Release|Any CPU
		{600B7CAF-51B5-4D8E-9511-86C5A188EE1E}.Release|x64.Build.0 = Release|Any CPU
		{600B7CAF-51B5-4D8E-9511-86C5A188EE1E}.Release|x86.ActiveCfg = Release|Any CPU
		{600B7CAF-51B5-4D8E-9511-86C5A188EE1E}.Release|x86.Build.0 = Release|Any CPU
		{665D9B71-5A5D-432F-B02C-3DA00A0F0CAB}.Debug|Any CPU.ActiveCfg = Debug|Any CPU
		{665D9B71-5A5D-432F-B02C-3DA00A0F0CAB}.Debug|Any CPU.Build.0 = Debug|Any CPU
		{665D9B71-5A5D-432F-B02C-3DA00A0F0CAB}.Debug|x64.ActiveCfg = Debug|Any CPU
		{665D9B71-5A5D-432F-B02C-3DA00A0F0CAB}.Debug|x64.Build.0 = Debug|Any CPU
		{665D9B71-5A5D-432F-B02C-3DA00A0F0CAB}.Debug|x86.ActiveCfg = Debug|Any CPU
		{665D9B71-5A5D-432F-B02C-3DA00A0F0CAB}.Debug|x86.Build.0 = Debug|Any CPU
		{665D9B71-5A5D-432F-B02C-3DA00A0F0CAB}.Release|Any CPU.ActiveCfg = Release|Any CPU
		{665D9B71-5A5D-432F-B02C-3DA00A0F0CAB}.Release|Any CPU.Build.0 = Release|Any CPU
		{665D9B71-5A5D-432F-B02C-3DA00A0F0CAB}.Release|x64.ActiveCfg = Release|Any CPU
		{665D9B71-5A5D-432F-B02C-3DA00A0F0CAB}.Release|x64.Build.0 = Release|Any CPU
		{665D9B71-5A5D-432F-B02C-3DA00A0F0CAB}.Release|x86.ActiveCfg = Release|Any CPU
		{665D9B71-5A5D-432F-B02C-3DA00A0F0CAB}.Release|x86.Build.0 = Release|Any CPU
		{4B8A9FEC-10A8-485C-B46E-F6AD4D4EDE6F}.Debug|Any CPU.ActiveCfg = Debug|Any CPU
		{4B8A9FEC-10A8-485C-B46E-F6AD4D4EDE6F}.Debug|Any CPU.Build.0 = Debug|Any CPU
		{4B8A9FEC-10A8-485C-B46E-F6AD4D4EDE6F}.Debug|x64.ActiveCfg = Debug|Any CPU
		{4B8A9FEC-10A8-485C-B46E-F6AD4D4EDE6F}.Debug|x64.Build.0 = Debug|Any CPU
		{4B8A9FEC-10A8-485C-B46E-F6AD4D4EDE6F}.Debug|x86.ActiveCfg = Debug|Any CPU
		{4B8A9FEC-10A8-485C-B46E-F6AD4D4EDE6F}.Debug|x86.Build.0 = Debug|Any CPU
		{4B8A9FEC-10A8-485C-B46E-F6AD4D4EDE6F}.Release|Any CPU.ActiveCfg = Release|Any CPU
		{4B8A9FEC-10A8-485C-B46E-F6AD4D4EDE6F}.Release|Any CPU.Build.0 = Release|Any CPU
		{4B8A9FEC-10A8-485C-B46E-F6AD4D4EDE6F}.Release|x64.ActiveCfg = Release|Any CPU
		{4B8A9FEC-10A8-485C-B46E-F6AD4D4EDE6F}.Release|x64.Build.0 = Release|Any CPU
		{4B8A9FEC-10A8-485C-B46E-F6AD4D4EDE6F}.Release|x86.ActiveCfg = Release|Any CPU
		{4B8A9FEC-10A8-485C-B46E-F6AD4D4EDE6F}.Release|x86.Build.0 = Release|Any CPU
		{29AE95A5-C733-4E3D-9ABF-EEBE03FDA5DA}.Debug|Any CPU.ActiveCfg = Debug|Any CPU
		{29AE95A5-C733-4E3D-9ABF-EEBE03FDA5DA}.Debug|Any CPU.Build.0 = Debug|Any CPU
		{29AE95A5-C733-4E3D-9ABF-EEBE03FDA5DA}.Debug|x64.ActiveCfg = Debug|Any CPU
		{29AE95A5-C733-4E3D-9ABF-EEBE03FDA5DA}.Debug|x64.Build.0 = Debug|Any CPU
		{29AE95A5-C733-4E3D-9ABF-EEBE03FDA5DA}.Debug|x86.ActiveCfg = Debug|Any CPU
		{29AE95A5-C733-4E3D-9ABF-EEBE03FDA5DA}.Debug|x86.Build.0 = Debug|Any CPU
		{29AE95A5-C733-4E3D-9ABF-EEBE03FDA5DA}.Release|Any CPU.ActiveCfg = Release|Any CPU
		{29AE95A5-C733-4E3D-9ABF-EEBE03FDA5DA}.Release|Any CPU.Build.0 = Release|Any CPU
		{29AE95A5-C733-4E3D-9ABF-EEBE03FDA5DA}.Release|x64.ActiveCfg = Release|Any CPU
		{29AE95A5-C733-4E3D-9ABF-EEBE03FDA5DA}.Release|x64.Build.0 = Release|Any CPU
		{29AE95A5-C733-4E3D-9ABF-EEBE03FDA5DA}.Release|x86.ActiveCfg = Release|Any CPU
		{29AE95A5-C733-4E3D-9ABF-EEBE03FDA5DA}.Release|x86.Build.0 = Release|Any CPU
		{F2516715-11A5-4847-AFA2-D27660E99EDF}.Debug|Any CPU.ActiveCfg = Debug|Any CPU
		{F2516715-11A5-4847-AFA2-D27660E99EDF}.Debug|Any CPU.Build.0 = Debug|Any CPU
		{F2516715-11A5-4847-AFA2-D27660E99EDF}.Debug|x64.ActiveCfg = Debug|Any CPU
		{F2516715-11A5-4847-AFA2-D27660E99EDF}.Debug|x64.Build.0 = Debug|Any CPU
		{F2516715-11A5-4847-AFA2-D27660E99EDF}.Debug|x86.ActiveCfg = Debug|Any CPU
		{F2516715-11A5-4847-AFA2-D27660E99EDF}.Debug|x86.Build.0 = Debug|Any CPU
		{F2516715-11A5-4847-AFA2-D27660E99EDF}.Release|Any CPU.ActiveCfg = Release|Any CPU
		{F2516715-11A5-4847-AFA2-D27660E99EDF}.Release|Any CPU.Build.0 = Release|Any CPU
		{F2516715-11A5-4847-AFA2-D27660E99EDF}.Release|x64.ActiveCfg = Release|Any CPU
		{F2516715-11A5-4847-AFA2-D27660E99EDF}.Release|x64.Build.0 = Release|Any CPU
		{F2516715-11A5-4847-AFA2-D27660E99EDF}.Release|x86.ActiveCfg = Release|Any CPU
		{F2516715-11A5-4847-AFA2-D27660E99EDF}.Release|x86.Build.0 = Release|Any CPU
		{BC7D1D89-33CA-4AB0-8103-1AD7B65E634D}.Debug|Any CPU.ActiveCfg = Debug|Any CPU
		{BC7D1D89-33CA-4AB0-8103-1AD7B65E634D}.Debug|Any CPU.Build.0 = Debug|Any CPU
		{BC7D1D89-33CA-4AB0-8103-1AD7B65E634D}.Debug|x64.ActiveCfg = Debug|Any CPU
		{BC7D1D89-33CA-4AB0-8103-1AD7B65E634D}.Debug|x64.Build.0 = Debug|Any CPU
		{BC7D1D89-33CA-4AB0-8103-1AD7B65E634D}.Debug|x86.ActiveCfg = Debug|Any CPU
		{BC7D1D89-33CA-4AB0-8103-1AD7B65E634D}.Debug|x86.Build.0 = Debug|Any CPU
		{BC7D1D89-33CA-4AB0-8103-1AD7B65E634D}.Release|Any CPU.ActiveCfg = Release|Any CPU
		{BC7D1D89-33CA-4AB0-8103-1AD7B65E634D}.Release|Any CPU.Build.0 = Release|Any CPU
		{BC7D1D89-33CA-4AB0-8103-1AD7B65E634D}.Release|x64.ActiveCfg = Release|Any CPU
		{BC7D1D89-33CA-4AB0-8103-1AD7B65E634D}.Release|x64.Build.0 = Release|Any CPU
		{BC7D1D89-33CA-4AB0-8103-1AD7B65E634D}.Release|x86.ActiveCfg = Release|Any CPU
		{BC7D1D89-33CA-4AB0-8103-1AD7B65E634D}.Release|x86.Build.0 = Release|Any CPU
		{AF9BB86C-14EB-42BF-892E-A47449694A5E}.Debug|Any CPU.ActiveCfg = Debug|Any CPU
		{AF9BB86C-14EB-42BF-892E-A47449694A5E}.Debug|Any CPU.Build.0 = Debug|Any CPU
		{AF9BB86C-14EB-42BF-892E-A47449694A5E}.Debug|x64.ActiveCfg = Debug|Any CPU
		{AF9BB86C-14EB-42BF-892E-A47449694A5E}.Debug|x64.Build.0 = Debug|Any CPU
		{AF9BB86C-14EB-42BF-892E-A47449694A5E}.Debug|x86.ActiveCfg = Debug|Any CPU
		{AF9BB86C-14EB-42BF-892E-A47449694A5E}.Debug|x86.Build.0 = Debug|Any CPU
		{AF9BB86C-14EB-42BF-892E-A47449694A5E}.Release|Any CPU.ActiveCfg = Release|Any CPU
		{AF9BB86C-14EB-42BF-892E-A47449694A5E}.Release|Any CPU.Build.0 = Release|Any CPU
		{AF9BB86C-14EB-42BF-892E-A47449694A5E}.Release|x64.ActiveCfg = Release|Any CPU
		{AF9BB86C-14EB-42BF-892E-A47449694A5E}.Release|x64.Build.0 = Release|Any CPU
		{AF9BB86C-14EB-42BF-892E-A47449694A5E}.Release|x86.ActiveCfg = Release|Any CPU
		{AF9BB86C-14EB-42BF-892E-A47449694A5E}.Release|x86.Build.0 = Release|Any CPU
		{F9BBB9A6-6B88-4B74-BAE6-1C0526075394}.Debug|Any CPU.ActiveCfg = Debug|Any CPU
		{F9BBB9A6-6B88-4B74-BAE6-1C0526075394}.Debug|Any CPU.Build.0 = Debug|Any CPU
		{F9BBB9A6-6B88-4B74-BAE6-1C0526075394}.Debug|x64.ActiveCfg = Debug|Any CPU
		{F9BBB9A6-6B88-4B74-BAE6-1C0526075394}.Debug|x64.Build.0 = Debug|Any CPU
		{F9BBB9A6-6B88-4B74-BAE6-1C0526075394}.Debug|x86.ActiveCfg = Debug|Any CPU
		{F9BBB9A6-6B88-4B74-BAE6-1C0526075394}.Debug|x86.Build.0 = Debug|Any CPU
		{F9BBB9A6-6B88-4B74-BAE6-1C0526075394}.Release|Any CPU.ActiveCfg = Release|Any CPU
		{F9BBB9A6-6B88-4B74-BAE6-1C0526075394}.Release|Any CPU.Build.0 = Release|Any CPU
		{F9BBB9A6-6B88-4B74-BAE6-1C0526075394}.Release|x64.ActiveCfg = Release|Any CPU
		{F9BBB9A6-6B88-4B74-BAE6-1C0526075394}.Release|x64.Build.0 = Release|Any CPU
		{F9BBB9A6-6B88-4B74-BAE6-1C0526075394}.Release|x86.ActiveCfg = Release|Any CPU
		{F9BBB9A6-6B88-4B74-BAE6-1C0526075394}.Release|x86.Build.0 = Release|Any CPU
		{0CD49A75-1FD0-4959-9C3D-D9A404539B7D}.Debug|Any CPU.ActiveCfg = Debug|Any CPU
		{0CD49A75-1FD0-4959-9C3D-D9A404539B7D}.Debug|Any CPU.Build.0 = Debug|Any CPU
		{0CD49A75-1FD0-4959-9C3D-D9A404539B7D}.Debug|x64.ActiveCfg = Debug|Any CPU
		{0CD49A75-1FD0-4959-9C3D-D9A404539B7D}.Debug|x64.Build.0 = Debug|Any CPU
		{0CD49A75-1FD0-4959-9C3D-D9A404539B7D}.Debug|x86.ActiveCfg = Debug|Any CPU
		{0CD49A75-1FD0-4959-9C3D-D9A404539B7D}.Debug|x86.Build.0 = Debug|Any CPU
		{0CD49A75-1FD0-4959-9C3D-D9A404539B7D}.Release|Any CPU.ActiveCfg = Release|Any CPU
		{0CD49A75-1FD0-4959-9C3D-D9A404539B7D}.Release|Any CPU.Build.0 = Release|Any CPU
		{0CD49A75-1FD0-4959-9C3D-D9A404539B7D}.Release|x64.ActiveCfg = Release|Any CPU
		{0CD49A75-1FD0-4959-9C3D-D9A404539B7D}.Release|x64.Build.0 = Release|Any CPU
		{0CD49A75-1FD0-4959-9C3D-D9A404539B7D}.Release|x86.ActiveCfg = Release|Any CPU
		{0CD49A75-1FD0-4959-9C3D-D9A404539B7D}.Release|x86.Build.0 = Release|Any CPU
		{A7551470-9B86-4A0A-8DEA-B6A80CEA4C43}.Debug|Any CPU.ActiveCfg = Debug|Any CPU
		{A7551470-9B86-4A0A-8DEA-B6A80CEA4C43}.Debug|Any CPU.Build.0 = Debug|Any CPU
		{A7551470-9B86-4A0A-8DEA-B6A80CEA4C43}.Debug|x64.ActiveCfg = Debug|Any CPU
		{A7551470-9B86-4A0A-8DEA-B6A80CEA4C43}.Debug|x64.Build.0 = Debug|Any CPU
		{A7551470-9B86-4A0A-8DEA-B6A80CEA4C43}.Debug|x86.ActiveCfg = Debug|Any CPU
		{A7551470-9B86-4A0A-8DEA-B6A80CEA4C43}.Debug|x86.Build.0 = Debug|Any CPU
		{A7551470-9B86-4A0A-8DEA-B6A80CEA4C43}.Release|Any CPU.ActiveCfg = Release|Any CPU
		{A7551470-9B86-4A0A-8DEA-B6A80CEA4C43}.Release|Any CPU.Build.0 = Release|Any CPU
		{A7551470-9B86-4A0A-8DEA-B6A80CEA4C43}.Release|x64.ActiveCfg = Release|Any CPU
		{A7551470-9B86-4A0A-8DEA-B6A80CEA4C43}.Release|x64.Build.0 = Release|Any CPU
		{A7551470-9B86-4A0A-8DEA-B6A80CEA4C43}.Release|x86.ActiveCfg = Release|Any CPU
		{A7551470-9B86-4A0A-8DEA-B6A80CEA4C43}.Release|x86.Build.0 = Release|Any CPU
		{CA55DD9C-B20B-47F9-B9D2-26B5CB285E25}.Debug|Any CPU.ActiveCfg = Debug|Any CPU
		{CA55DD9C-B20B-47F9-B9D2-26B5CB285E25}.Debug|Any CPU.Build.0 = Debug|Any CPU
		{CA55DD9C-B20B-47F9-B9D2-26B5CB285E25}.Debug|x64.ActiveCfg = Debug|Any CPU
		{CA55DD9C-B20B-47F9-B9D2-26B5CB285E25}.Debug|x64.Build.0 = Debug|Any CPU
		{CA55DD9C-B20B-47F9-B9D2-26B5CB285E25}.Debug|x86.ActiveCfg = Debug|Any CPU
		{CA55DD9C-B20B-47F9-B9D2-26B5CB285E25}.Debug|x86.Build.0 = Debug|Any CPU
		{CA55DD9C-B20B-47F9-B9D2-26B5CB285E25}.Release|Any CPU.ActiveCfg = Release|Any CPU
		{CA55DD9C-B20B-47F9-B9D2-26B5CB285E25}.Release|Any CPU.Build.0 = Release|Any CPU
		{CA55DD9C-B20B-47F9-B9D2-26B5CB285E25}.Release|x64.ActiveCfg = Release|Any CPU
		{CA55DD9C-B20B-47F9-B9D2-26B5CB285E25}.Release|x64.Build.0 = Release|Any CPU
		{CA55DD9C-B20B-47F9-B9D2-26B5CB285E25}.Release|x86.ActiveCfg = Release|Any CPU
		{CA55DD9C-B20B-47F9-B9D2-26B5CB285E25}.Release|x86.Build.0 = Release|Any CPU
		{EBC21FB0-1139-4210-9C30-65B66D80AF58}.Debug|Any CPU.ActiveCfg = Debug|Any CPU
		{EBC21FB0-1139-4210-9C30-65B66D80AF58}.Debug|Any CPU.Build.0 = Debug|Any CPU
		{EBC21FB0-1139-4210-9C30-65B66D80AF58}.Debug|x64.ActiveCfg = Debug|Any CPU
		{EBC21FB0-1139-4210-9C30-65B66D80AF58}.Debug|x64.Build.0 = Debug|Any CPU
		{EBC21FB0-1139-4210-9C30-65B66D80AF58}.Debug|x86.ActiveCfg = Debug|Any CPU
		{EBC21FB0-1139-4210-9C30-65B66D80AF58}.Debug|x86.Build.0 = Debug|Any CPU
		{EBC21FB0-1139-4210-9C30-65B66D80AF58}.Release|Any CPU.ActiveCfg = Release|Any CPU
		{EBC21FB0-1139-4210-9C30-65B66D80AF58}.Release|Any CPU.Build.0 = Release|Any CPU
		{EBC21FB0-1139-4210-9C30-65B66D80AF58}.Release|x64.ActiveCfg = Release|Any CPU
		{EBC21FB0-1139-4210-9C30-65B66D80AF58}.Release|x64.Build.0 = Release|Any CPU
		{EBC21FB0-1139-4210-9C30-65B66D80AF58}.Release|x86.ActiveCfg = Release|Any CPU
		{EBC21FB0-1139-4210-9C30-65B66D80AF58}.Release|x86.Build.0 = Release|Any CPU
		{7F0CA331-120B-49E0-9402-339F6D2C9539}.Debug|Any CPU.ActiveCfg = Debug|Any CPU
		{7F0CA331-120B-49E0-9402-339F6D2C9539}.Debug|Any CPU.Build.0 = Debug|Any CPU
		{7F0CA331-120B-49E0-9402-339F6D2C9539}.Debug|x64.ActiveCfg = Debug|Any CPU
		{7F0CA331-120B-49E0-9402-339F6D2C9539}.Debug|x64.Build.0 = Debug|Any CPU
		{7F0CA331-120B-49E0-9402-339F6D2C9539}.Debug|x86.ActiveCfg = Debug|Any CPU
		{7F0CA331-120B-49E0-9402-339F6D2C9539}.Debug|x86.Build.0 = Debug|Any CPU
		{7F0CA331-120B-49E0-9402-339F6D2C9539}.Release|Any CPU.ActiveCfg = Release|Any CPU
		{7F0CA331-120B-49E0-9402-339F6D2C9539}.Release|Any CPU.Build.0 = Release|Any CPU
		{7F0CA331-120B-49E0-9402-339F6D2C9539}.Release|x64.ActiveCfg = Release|Any CPU
		{7F0CA331-120B-49E0-9402-339F6D2C9539}.Release|x64.Build.0 = Release|Any CPU
		{7F0CA331-120B-49E0-9402-339F6D2C9539}.Release|x86.ActiveCfg = Release|Any CPU
		{7F0CA331-120B-49E0-9402-339F6D2C9539}.Release|x86.Build.0 = Release|Any CPU
	EndGlobalSection
	GlobalSection(SolutionProperties) = preSolution
		HideSolutionNode = FALSE
	EndGlobalSection
	GlobalSection(NestedProjects) = preSolution
		{344743B4-9FE2-42E9-B4DC-1F28BF4E6D6A} = {0EC206C4-CB07-E31A-7FA4-C8E118705456}
		{1E17388B-C214-4B49-870A-1CCF7D9DA64E} = {0EC206C4-CB07-E31A-7FA4-C8E118705456}
		{0AF480D5-13E0-42E6-8AC6-9757845FCB46} = {0EC206C4-CB07-E31A-7FA4-C8E118705456}
		{92F07D07-6E33-444C-BDF3-C66263419FB8} = {0EC206C4-CB07-E31A-7FA4-C8E118705456}
		{2182F961-A2C8-4030-96C9-F189768424FB} = {0EC206C4-CB07-E31A-7FA4-C8E118705456}
		{600B7CAF-51B5-4D8E-9511-86C5A188EE1E} = {0EC206C4-CB07-E31A-7FA4-C8E118705456}
		{665D9B71-5A5D-432F-B02C-3DA00A0F0CAB} = {0EC206C4-CB07-E31A-7FA4-C8E118705456}
		{4B8A9FEC-10A8-485C-B46E-F6AD4D4EDE6F} = {0EC206C4-CB07-E31A-7FA4-C8E118705456}
		{F8B90FFE-BB37-8A69-F901-2B9289615797} = {827E0CD3-B72D-47B6-A68D-7590B98EB39B}
		{29AE95A5-C733-4E3D-9ABF-EEBE03FDA5DA} = {F8B90FFE-BB37-8A69-F901-2B9289615797}
		{F2516715-11A5-4847-AFA2-D27660E99EDF} = {F8B90FFE-BB37-8A69-F901-2B9289615797}
		{BC7D1D89-33CA-4AB0-8103-1AD7B65E634D} = {F8B90FFE-BB37-8A69-F901-2B9289615797}
		{AF9BB86C-14EB-42BF-892E-A47449694A5E} = {F8B90FFE-BB37-8A69-F901-2B9289615797}
		{F9BBB9A6-6B88-4B74-BAE6-1C0526075394} = {0EC206C4-CB07-E31A-7FA4-C8E118705456}
		{B78470C6-E0CB-EB68-60F2-71D680387C2A} = {827E0CD3-B72D-47B6-A68D-7590B98EB39B}
		{0CD49A75-1FD0-4959-9C3D-D9A404539B7D} = {B78470C6-E0CB-EB68-60F2-71D680387C2A}
		{A7551470-9B86-4A0A-8DEA-B6A80CEA4C43} = {B78470C6-E0CB-EB68-60F2-71D680387C2A}
		{CA55DD9C-B20B-47F9-B9D2-26B5CB285E25} = {B78470C6-E0CB-EB68-60F2-71D680387C2A}
		{EBC21FB0-1139-4210-9C30-65B66D80AF58} = {B78470C6-E0CB-EB68-60F2-71D680387C2A}
		{7F0CA331-120B-49E0-9402-339F6D2C9539} = {827E0CD3-B72D-47B6-A68D-7590B98EB39B}
	EndGlobalSection
EndGlobal
