
Microsoft Visual Studio Solution File, Format Version 12.00
# Visual Studio Version 17
VisualStudioVersion = 17.0.31903.59
MinimumVisualStudioVersion = 10.0.40219.1
Project("{FAE04EC0-301F-11D3-BF4B-00C04F79EFBC}") = "DIEnjections", "DIEnjections\DIEnjections.csproj", "{9247B6ED-88A4-4A5B-845D-8AFA157CB1D3}"
EndProject
Project("{FAE04EC0-301F-11D3-BF4B-00C04F79EFBC}") = "CommonInfrastructure", "CommonInfrastructure\CommonInfrastructure.csproj", "{A0EB0708-1B7E-4726-92BD-25B1BDC8069D}"
EndProject
Project("{FAE04EC0-301F-11D3-BF4B-00C04F79EFBC}") = "CommonDomain", "CommonDomain\CommonDomain.csproj", "{D3615C0B-CE93-43E1-84F8-B47A743ADD99}"
EndProject
Project("{FAE04EC0-301F-11D3-BF4B-00C04F79EFBC}") = "CommonApplication", "CommonApplication\CommonApplication.csproj", "{A99FC7A0-9028-4CB9-97D7-D75A636D5841}"
EndProject
Project("{FAE04EC0-301F-11D3-BF4B-00C04F79EFBC}") = "CommonExceptionBase", "CommonExceptionBase\CommonExceptionBase.csproj", "{AD6AD6C8-B1E8-47D1-93BA-2997902D6786}"
EndProject
Global
	GlobalSection(SolutionConfigurationPlatforms) = preSolution
		Debug|Any CPU = Debug|Any CPU
		Debug|x64 = Debug|x64
		Debug|x86 = Debug|x86
		Release|Any CPU = Release|Any CPU
		Release|x64 = Release|x64
		Release|x86 = Release|x86
	EndGlobalSection
	GlobalSection(ProjectConfigurationPlatforms) = postSolution
		{9247B6ED-88A4-4A5B-845D-8AFA157CB1D3}.Debug|Any CPU.ActiveCfg = Debug|Any CPU
		{9247B6ED-88A4-4A5B-845D-8AFA157CB1D3}.Debug|Any CPU.Build.0 = Debug|Any CPU
		{9247B6ED-88A4-4A5B-845D-8AFA157CB1D3}.Debug|x64.ActiveCfg = Debug|Any CPU
		{9247B6ED-88A4-4A5B-845D-8AFA157CB1D3}.Debug|x64.Build.0 = Debug|Any CPU
		{9247B6ED-88A4-4A5B-845D-8AFA157CB1D3}.Debug|x86.ActiveCfg = Debug|Any CPU
		{9247B6ED-88A4-4A5B-845D-8AFA157CB1D3}.Debug|x86.Build.0 = Debug|Any CPU
		{9247B6ED-88A4-4A5B-845D-8AFA157CB1D3}.Release|Any CPU.ActiveCfg = Release|Any CPU
		{9247B6ED-88A4-4A5B-845D-8AFA157CB1D3}.Release|Any CPU.Build.0 = Release|Any CPU
		{9247B6ED-88A4-4A5B-845D-8AFA157CB1D3}.Release|x64.ActiveCfg = Release|Any CPU
		{9247B6ED-88A4-4A5B-845D-8AFA157CB1D3}.Release|x64.Build.0 = Release|Any CPU
		{9247B6ED-88A4-4A5B-845D-8AFA157CB1D3}.Release|x86.ActiveCfg = Release|Any CPU
		{9247B6ED-88A4-4A5B-845D-8AFA157CB1D3}.Release|x86.Build.0 = Release|Any CPU
		{A0EB0708-1B7E-4726-92BD-25B1BDC8069D}.Debug|Any CPU.ActiveCfg = Debug|Any CPU
		{A0EB0708-1B7E-4726-92BD-25B1BDC8069D}.Debug|Any CPU.Build.0 = Debug|Any CPU
		{A0EB0708-1B7E-4726-92BD-25B1BDC8069D}.Debug|x64.ActiveCfg = Debug|Any CPU
		{A0EB0708-1B7E-4726-92BD-25B1BDC8069D}.Debug|x64.Build.0 = Debug|Any CPU
		{A0EB0708-1B7E-4726-92BD-25B1BDC8069D}.Debug|x86.ActiveCfg = Debug|Any CPU
		{A0EB0708-1B7E-4726-92BD-25B1BDC8069D}.Debug|x86.Build.0 = Debug|Any CPU
		{A0EB0708-1B7E-4726-92BD-25B1BDC8069D}.Release|Any CPU.ActiveCfg = Release|Any CPU
		{A0EB0708-1B7E-4726-92BD-25B1BDC8069D}.Release|Any CPU.Build.0 = Release|Any CPU
		{A0EB0708-1B7E-4726-92BD-25B1BDC8069D}.Release|x64.ActiveCfg = Release|Any CPU
		{A0EB0708-1B7E-4726-92BD-25B1BDC8069D}.Release|x64.Build.0 = Release|Any CPU
		{A0EB0708-1B7E-4726-92BD-25B1BDC8069D}.Release|x86.ActiveCfg = Release|Any CPU
		{A0EB0708-1B7E-4726-92BD-25B1BDC8069D}.Release|x86.Build.0 = Release|Any CPU
		{D3615C0B-CE93-43E1-84F8-B47A743ADD99}.Debug|Any CPU.ActiveCfg = Debug|Any CPU
		{D3615C0B-CE93-43E1-84F8-B47A743ADD99}.Debug|Any CPU.Build.0 = Debug|Any CPU
		{D3615C0B-CE93-43E1-84F8-B47A743ADD99}.Debug|x64.ActiveCfg = Debug|Any CPU
		{D3615C0B-CE93-43E1-84F8-B47A743ADD99}.Debug|x64.Build.0 = Debug|Any CPU
		{D3615C0B-CE93-43E1-84F8-B47A743ADD99}.Debug|x86.ActiveCfg = Debug|Any CPU
		{D3615C0B-CE93-43E1-84F8-B47A743ADD99}.Debug|x86.Build.0 = Debug|Any CPU
		{D3615C0B-CE93-43E1-84F8-B47A743ADD99}.Release|Any CPU.ActiveCfg = Release|Any CPU
		{D3615C0B-CE93-43E1-84F8-B47A743ADD99}.Release|Any CPU.Build.0 = Release|Any CPU
		{D3615C0B-CE93-43E1-84F8-B47A743ADD99}.Release|x64.ActiveCfg = Release|Any CPU
		{D3615C0B-CE93-43E1-84F8-B47A743ADD99}.Release|x64.Build.0 = Release|Any CPU
		{D3615C0B-CE93-43E1-84F8-B47A743ADD99}.Release|x86.ActiveCfg = Release|Any CPU
		{D3615C0B-CE93-43E1-84F8-B47A743ADD99}.Release|x86.Build.0 = Release|Any CPU
		{A99FC7A0-9028-4CB9-97D7-D75A636D5841}.Debug|Any CPU.ActiveCfg = Debug|Any CPU
		{A99FC7A0-9028-4CB9-97D7-D75A636D5841}.Debug|Any CPU.Build.0 = Debug|Any CPU
		{A99FC7A0-9028-4CB9-97D7-D75A636D5841}.Debug|x64.ActiveCfg = Debug|Any CPU
		{A99FC7A0-9028-4CB9-97D7-D75A636D5841}.Debug|x64.Build.0 = Debug|Any CPU
		{A99FC7A0-9028-4CB9-97D7-D75A636D5841}.Debug|x86.ActiveCfg = Debug|Any CPU
		{A99FC7A0-9028-4CB9-97D7-D75A636D5841}.Debug|x86.Build.0 = Debug|Any CPU
		{A99FC7A0-9028-4CB9-97D7-D75A636D5841}.Release|Any CPU.ActiveCfg = Release|Any CPU
		{A99FC7A0-9028-4CB9-97D7-D75A636D5841}.Release|Any CPU.Build.0 = Release|Any CPU
		{A99FC7A0-9028-4CB9-97D7-D75A636D5841}.Release|x64.ActiveCfg = Release|Any CPU
		{A99FC7A0-9028-4CB9-97D7-D75A636D5841}.Release|x64.Build.0 = Release|Any CPU
		{A99FC7A0-9028-4CB9-97D7-D75A636D5841}.Release|x86.ActiveCfg = Release|Any CPU
		{A99FC7A0-9028-4CB9-97D7-D75A636D5841}.Release|x86.Build.0 = Release|Any CPU
		{AD6AD6C8-B1E8-47D1-93BA-2997902D6786}.Debug|Any CPU.ActiveCfg = Debug|Any CPU
		{AD6AD6C8-B1E8-47D1-93BA-2997902D6786}.Debug|Any CPU.Build.0 = Debug|Any CPU
		{AD6AD6C8-B1E8-47D1-93BA-2997902D6786}.Debug|x64.ActiveCfg = Debug|Any CPU
		{AD6AD6C8-B1E8-47D1-93BA-2997902D6786}.Debug|x64.Build.0 = Debug|Any CPU
		{AD6AD6C8-B1E8-47D1-93BA-2997902D6786}.Debug|x86.ActiveCfg = Debug|Any CPU
		{AD6AD6C8-B1E8-47D1-93BA-2997902D6786}.Debug|x86.Build.0 = Debug|Any CPU
		{AD6AD6C8-B1E8-47D1-93BA-2997902D6786}.Release|Any CPU.ActiveCfg = Release|Any CPU
		{AD6AD6C8-B1E8-47D1-93BA-2997902D6786}.Release|Any CPU.Build.0 = Release|Any CPU
		{AD6AD6C8-B1E8-47D1-93BA-2997902D6786}.Release|x64.ActiveCfg = Release|Any CPU
		{AD6AD6C8-B1E8-47D1-93BA-2997902D6786}.Release|x64.Build.0 = Release|Any CPU
		{AD6AD6C8-B1E8-47D1-93BA-2997902D6786}.Release|x86.ActiveCfg = Release|Any CPU
		{AD6AD6C8-B1E8-47D1-93BA-2997902D6786}.Release|x86.Build.0 = Release|Any CPU
	EndGlobalSection
	GlobalSection(SolutionProperties) = preSolution
		HideSolutionNode = FALSE
	EndGlobalSection
EndGlobal
